
Microsoft Visual Studio Solution File, Format Version 12.00
# Visual Studio Version 17
VisualStudioVersion = 17.5.002.0
MinimumVisualStudioVersion = 10.0.40219.1
Project("{9A19103F-16F7-4668-BE54-9A1E7A4F7556}") = "ChitChatClient", "ChitChatClient\ChitChatClient.csproj", "{0F411B58-82B0-451F-BD32-B6650160E40D}"
EndProject
Project("{9A19103F-16F7-4668-BE54-9A1E7A4F7556}") = "ChitChatLauncher", "ChitChatLauncher\ChitChatLauncher.csproj", "{D7C929F6-0078-4788-A874-4A300E9AC3B9}"
EndProject
Project("{FAE04EC0-301F-11D3-BF4B-00C04F79EFBC}") = "ChitChatClient.Tests", "ChitChatClient.Tests\ChitChatClient.Tests.csproj", "{9A4E3BD5-80EF-4DE8-B2C6-97312F856263}"
EndProject
Global
	GlobalSection(SolutionConfigurationPlatforms) = preSolution
		Debug|Any CPU = Debug|Any CPU
		Release|Any CPU = Release|Any CPU
	EndGlobalSection
	GlobalSection(ProjectConfigurationPlatforms) = postSolution
		{0F411B58-82B0-451F-BD32-B6650160E40D}.Debug|Any CPU.ActiveCfg = Debug|Any CPU
		{0F411B58-82B0-451F-BD32-B6650160E40D}.Debug|Any CPU.Build.0 = Debug|Any CPU
		{0F411B58-82B0-451F-BD32-B6650160E40D}.Release|Any CPU.ActiveCfg = Release|Any CPU
		{0F411B58-82B0-451F-BD32-B6650160E40D}.Release|Any CPU.Build.0 = Release|Any CPU
		{D7C929F6-0078-4788-A874-4A300E9AC3B9}.Debug|Any CPU.ActiveCfg = Debug|Any CPU
		{D7C929F6-0078-4788-A874-4A300E9AC3B9}.Debug|Any CPU.Build.0 = Debug|Any CPU
		{D7C929F6-0078-4788-A874-4A300E9AC3B9}.Release|Any CPU.ActiveCfg = Release|Any CPU
		{D7C929F6-0078-4788-A874-4A300E9AC3B9}.Release|Any CPU.Build.0 = Release|Any CPU
		{9A4E3BD5-80EF-4DE8-B2C6-97312F856263}.Debug|Any CPU.ActiveCfg = Debug|Any CPU
		{9A4E3BD5-80EF-4DE8-B2C6-97312F856263}.Debug|Any CPU.Build.0 = Debug|Any CPU
		{9A4E3BD5-80EF-4DE8-B2C6-97312F856263}.Release|Any CPU.ActiveCfg = Release|Any CPU
		{9A4E3BD5-80EF-4DE8-B2C6-97312F856263}.Release|Any CPU.Build.0 = Release|Any CPU
	EndGlobalSection
	GlobalSection(SolutionProperties) = preSolution
		HideSolutionNode = FALSE
	EndGlobalSection
	GlobalSection(ExtensibilityGlobals) = postSolution
		SolutionGuid = {652B33F5-4429-47FD-9CEA-0073B66A8949}
	EndGlobalSection
EndGlobal
